# Generated by pub
# See https://dart.dev/tools/pub/glossary#lockfile
packages:
  async:
    dependency: transitive
    description:
      name: async
      sha256: bfe67ef28df125b7dddcea62755991f807aa39a2492a23e1550161692950bbe0
      url: "https://pub.dev"
    source: hosted
    version: "2.10.0"
  boolean_selector:
    dependency: transitive
    description:
      name: boolean_selector
      sha256: "6cfb5af12253eaf2b368f07bacc5a80d1301a071c73360d746b7f2e32d762c66"
      url: "https://pub.dev"
    source: hosted
    version: "2.1.1"
  characters:
    dependency: transitive
    description:
      name: characters
      sha256: e6a326c8af69605aec75ed6c187d06b349707a27fbff8222ca9cc2cff167975c
      url: "https://pub.dev"
    source: hosted
    version: "1.2.1"
  clock:
    dependency: transitive
    description:
      name: clock
      sha256: cb6d7f03e1de671e34607e909a7213e31d7752be4fb66a86d29fe1eb14bfb5cf
      url: "https://pub.dev"
    source: hosted
    version: "1.1.1"
  collection:
    dependency: transitive
    description:
      name: collection
      sha256: cfc915e6923fe5ce6e153b0723c753045de46de1b4d63771530504004a45fae0
      url: "https://pub.dev"
    source: hosted
    version: "1.17.0"
  cupertino_icons:
    dependency: "direct main"
    description:
      name: cupertino_icons
      sha256: e35129dc44c9118cee2a5603506d823bab99c68393879edb440e0090d07586be
      url: "https://pub.dev"
    source: hosted
    version: "1.0.5"
  dio:
    dependency: transitive
    description:
      name: dio
      sha256: "2644a9e0965a7aa3deb09cb8ce4081db4450c178f472818c8cd34216a3070d7b"
      url: "https://pub.dev"
    source: hosted
    version: "5.0.2"
  fake_async:
    dependency: transitive
    description:
      name: fake_async
      sha256: "511392330127add0b769b75a987850d136345d9227c6b94c96a04cf4a391bf78"
      url: "https://pub.dev"
    source: hosted
    version: "1.3.1"
  ffi:
    dependency: transitive
    description:
      name: ffi
      sha256: a38574032c5f1dd06c4aee541789906c12ccaab8ba01446e800d9c5b79c4a978
      url: "https://pub.dev"
    source: hosted
    version: "2.0.1"
  flutter:
    dependency: "direct main"
    description: flutter
    source: sdk
    version: "0.0.0"
  flutter_lints:
    dependency: "direct dev"
    description:
      name: flutter_lints
      sha256: aeb0b80a8b3709709c9cc496cdc027c5b3216796bc0af0ce1007eaf24464fd4c
      url: "https://pub.dev"
    source: hosted
    version: "2.0.1"
  flutter_place_picker:
    dependency: "direct main"
    description:
      path: ".."
      relative: true
    source: path
    version: "0.0.1-dev.5"
  flutter_plugin_android_lifecycle:
    dependency: transitive
    description:
      name: flutter_plugin_android_lifecycle
      sha256: "60fc7b78455b94e6de2333d2f95196d32cf5c22f4b0b0520a628804cb463503b"
      url: "https://pub.dev"
    source: hosted
    version: "2.0.7"
  flutter_test:
    dependency: "direct dev"
    description: flutter
    source: sdk
    version: "0.0.0"
  flutter_web_plugins:
    dependency: transitive
    description: flutter
    source: sdk
    version: "0.0.0"
  geocoding:
    dependency: transitive
    description:
      name: geocoding
      sha256: b34c0501bbbaf3190b85bef3078b27cf66c28a8915c6d3af50d67f356aa7da31
      url: "https://pub.dev"
    source: hosted
    version: "2.1.0"
  geocoding_android:
    dependency: transitive
    description:
      name: geocoding_android
      sha256: "5a1fc0cec9b0497b44ca31c1fa8d1c891f3aded1053e6bb2eac075d3bd1bf046"
      url: "https://pub.dev"
    source: hosted
    version: "2.1.0"
  geocoding_ios:
    dependency: transitive
    description:
      name: geocoding_ios
      sha256: c85495ce8fb34e4fbd2dd8fc5f79263d622d9f88c4af948c965daf6b27a7f3a1
      url: "https://pub.dev"
    source: hosted
    version: "2.1.0"
  geocoding_platform_interface:
    dependency: transitive
    description:
      name: geocoding_platform_interface
      sha256: "8848605d307d844d89937cdb4b8ad7dfa880552078f310fa24d8a460f6dddab4"
      url: "https://pub.dev"
    source: hosted
    version: "2.0.1"
  geolocator:
    dependency: transitive
    description:
      name: geolocator
      sha256: "5c23f3613f50586c0bbb2b8f970240ae66b3bd992088cf60dd5ee2e6f7dde3a8"
      url: "https://pub.dev"
    source: hosted
    version: "9.0.2"
  geolocator_android:
    dependency: transitive
    description:
      name: geolocator_android
      sha256: "2ba24690aee0a3e1b6b7bd47c2711a50c874e95e4c758346589d35194adf6d6a"
      url: "https://pub.dev"
    source: hosted
    version: "4.1.7"
  geolocator_apple:
    dependency: transitive
    description:
      name: geolocator_apple
      sha256: "1b17544d250bbfebd2f36157f9ce094b0b07967441c1010243d6ea04f6f5bfe8"
      url: "https://pub.dev"
    source: hosted
    version: "2.2.1"
  geolocator_platform_interface:
    dependency: transitive
    description:
      name: geolocator_platform_interface
      sha256: "8c10ba5c825abdcc337ba918fbc1d3a5a2b006affe6ba610e3143cd32f54388d"
      url: "https://pub.dev"
    source: hosted
    version: "4.0.6"
  geolocator_web:
    dependency: transitive
    description:
      name: geolocator_web
      sha256: f68a122da48fcfff68bbc9846bb0b74ef651afe84a1b1f6ec20939de4d6860e1
      url: "https://pub.dev"
    source: hosted
    version: "2.1.6"
  geolocator_windows:
    dependency: transitive
    description:
      name: geolocator_windows
      sha256: f5911c88e23f48b598dd506c7c19eff0e001645bdc03bb6fecb9f4549208354d
      url: "https://pub.dev"
    source: hosted
    version: "0.1.1"
  google_api_headers:
    dependency: transitive
    description:
      name: google_api_headers
      sha256: ac6f4e27e35c9eb4fbe8ce4ce7380e651d3a7bee3ad4c2ff30e67aaa73f005d3
      url: "https://pub.dev"
    source: hosted
    version: "1.5.0+1"
  google_maps_flutter:
    dependency: "direct main"
    description:
      name: google_maps_flutter
      sha256: "24392ef192f3b00bcd93151375676805a9933574423a5bd5509a0ead2e8a4215"
      url: "https://pub.dev"
    source: hosted
    version: "2.2.5"
  google_maps_flutter_android:
    dependency: transitive
    description:
      name: google_maps_flutter_android
      sha256: "9fd11f2ee960f8a10be95b64f261b1c3521e1d4c9f313f5547123b72ac1db507"
      url: "https://pub.dev"
    source: hosted
    version: "2.1.10"
  google_maps_flutter_ios:
    dependency: transitive
    description:
      name: google_maps_flutter_ios
      sha256: "71213e497600e0c67cf7a096f643e58a72ed36334456c32c7ae0a6b4698018df"
      url: "https://pub.dev"
    source: hosted
    version: "2.1.11"
  google_maps_flutter_platform_interface:
    dependency: transitive
    description:
      name: google_maps_flutter_platform_interface
      sha256: "0a91acaa7ab6a438f428efe49f145a2b48f18ff039301ee2232696e18bf78784"
      url: "https://pub.dev"
    source: hosted
    version: "2.2.2"
  google_maps_webservice:
    dependency: transitive
    description:
      name: google_maps_webservice
      sha256: d0ae4e4508afd74a3f051565261a3cdbae59db29448f9b6e6beb5674545e1eb7
      url: "https://pub.dev"
    source: hosted
    version: "0.0.20-nullsafety.5"
  http:
    dependency: transitive
    description:
      name: http
      sha256: "6aa2946395183537c8b880962d935877325d6a09a2867c3970c05c0fed6ac482"
      url: "https://pub.dev"
    source: hosted
    version: "0.13.5"
  http_parser:
    dependency: transitive
    description:
      name: http_parser
      sha256: db3060f22889f3d9d55f6a217565486737037eec3609f7f3eca4d0c67ee0d8a0
      url: "https://pub.dev"
    source: hosted
    version: "4.0.1"
  js:
    dependency: transitive
    description:
      name: js
      sha256: "5528c2f391ededb7775ec1daa69e65a2d61276f7552de2b5f7b8d34ee9fd4ab7"
      url: "https://pub.dev"
    source: hosted
    version: "0.6.5"
  json_annotation:
    dependency: transitive
    description:
      name: json_annotation
      sha256: cb314f00b2488de7bc575207e54402cd2f92363f333a7933fd1b0631af226baa
      url: "https://pub.dev"
    source: hosted
    version: "4.6.0"
  lints:
    dependency: transitive
    description:
      name: lints
      sha256: "5cfd6509652ff5e7fe149b6df4859e687fca9048437857cb2e65c8d780f396e3"
      url: "https://pub.dev"
    source: hosted
    version: "2.0.0"
  matcher:
    dependency: transitive
    description:
      name: matcher
      sha256: "16db949ceee371e9b99d22f88fa3a73c4e59fd0afed0bd25fc336eb76c198b72"
      url: "https://pub.dev"
    source: hosted
    version: "0.12.13"
  material_color_utilities:
    dependency: transitive
    description:
      name: material_color_utilities
      sha256: d92141dc6fe1dad30722f9aa826c7fbc896d021d792f80678280601aff8cf724
      url: "https://pub.dev"
    source: hosted
    version: "0.2.0"
  meta:
    dependency: transitive
    description:
      name: meta
      sha256: "6c268b42ed578a53088d834796959e4a1814b5e9e164f147f580a386e5decf42"
      url: "https://pub.dev"
    source: hosted
    version: "1.8.0"
  nested:
    dependency: transitive
    description:
      name: nested
      sha256: "03bac4c528c64c95c722ec99280375a6f2fc708eec17c7b3f07253b626cd2a20"
      url: "https://pub.dev"
    source: hosted
    version: "1.0.0"
  package_info_plus:
    dependency: transitive
    description:
      name: package_info_plus
      sha256: "8df5ab0a481d7dc20c0e63809e90a588e496d276ba53358afc4c4443d0a00697"
      url: "https://pub.dev"
    source: hosted
    version: "3.0.3"
  package_info_plus_platform_interface:
    dependency: transitive
    description:
      name: package_info_plus_platform_interface
      sha256: "9bc8ba46813a4cc42c66ab781470711781940780fd8beddd0c3da62506d3a6c6"
      url: "https://pub.dev"
    source: hosted
    version: "2.0.1"
  path:
    dependency: transitive
    description:
      name: path
      sha256: db9d4f58c908a4ba5953fcee2ae317c94889433e5024c27ce74a37f94267945b
      url: "https://pub.dev"
    source: hosted
    version: "1.8.2"
  permission_handler:
    dependency: transitive
    description:
      name: permission_handler
      sha256: "33c6a1253d1f95fd06fa74b65b7ba907ae9811f9d5c1d3150e51417d04b8d6a8"
      url: "https://pub.dev"
    source: hosted
    version: "10.2.0"
  permission_handler_android:
    dependency: transitive
    description:
      name: permission_handler_android
      sha256: "8028362b40c4a45298f1cbfccd227c8dd6caf0e27088a69f2ba2ab15464159e2"
      url: "https://pub.dev"
    source: hosted
    version: "10.2.0"
  permission_handler_apple:
    dependency: transitive
    description:
      name: permission_handler_apple
      sha256: "9c370ef6a18b1c4b2f7f35944d644a56aa23576f23abee654cf73968de93f163"
      url: "https://pub.dev"
    source: hosted
    version: "9.0.7"
  permission_handler_platform_interface:
    dependency: transitive
    description:
      name: permission_handler_platform_interface
      sha256: "68abbc472002b5e6dfce47fe9898c6b7d8328d58b5d2524f75e277c07a97eb84"
      url: "https://pub.dev"
    source: hosted
    version: "3.9.0"
  permission_handler_windows:
    dependency: transitive
    description:
      name: permission_handler_windows
      sha256: f67cab14b4328574938ecea2db3475dad7af7ead6afab6338772c5f88963e38b
      url: "https://pub.dev"
    source: hosted
    version: "0.1.2"
  plugin_platform_interface:
    dependency: transitive
    description:
      name: plugin_platform_interface
      sha256: "075f927ebbab4262ace8d0b283929ac5410c0ac4e7fc123c76429564facfb757"
      url: "https://pub.dev"
    source: hosted
    version: "2.1.2"
  provider:
    dependency: transitive
    description:
      name: provider
      sha256: cdbe7530b12ecd9eb455bdaa2fcb8d4dad22e80b8afb4798b41479d5ce26847f
      url: "https://pub.dev"
    source: hosted
    version: "6.0.5"
  sky_engine:
    dependency: transitive
    description: flutter
    source: sdk
    version: "0.0.99"
  source_span:
    dependency: transitive
    description:
      name: source_span
      sha256: dd904f795d4b4f3b870833847c461801f6750a9fa8e61ea5ac53f9422b31f250
      url: "https://pub.dev"
    source: hosted
    version: "1.9.1"
  stack_trace:
    dependency: transitive
    description:
      name: stack_trace
      sha256: c3c7d8edb15bee7f0f74debd4b9c5f3c2ea86766fe4178eb2a18eb30a0bdaed5
      url: "https://pub.dev"
    source: hosted
    version: "1.11.0"
  stream_channel:
    dependency: transitive
    description:
      name: stream_channel
      sha256: "83615bee9045c1d322bbbd1ba209b7a749c2cbcdcb3fdd1df8eb488b3279c1c8"
      url: "https://pub.dev"
    source: hosted
    version: "2.1.1"
  stream_transform:
    dependency: transitive
    description:
      name: stream_transform
      sha256: ed464977cb26a1f41537e177e190c67223dbd9f4f683489b6ab2e5d211ec564e
      url: "https://pub.dev"
    source: hosted
    version: "2.0.0"
  string_scanner:
    dependency: transitive
    description:
      name: string_scanner
      sha256: "556692adab6cfa87322a115640c11f13cb77b3f076ddcc5d6ae3c20242bedcde"
      url: "https://pub.dev"
    source: hosted
    version: "1.2.0"
  term_glyph:
    dependency: transitive
    description:
      name: term_glyph
      sha256: a29248a84fbb7c79282b40b8c72a1209db169a2e0542bce341da992fe1bc7e84
      url: "https://pub.dev"
    source: hosted
    version: "1.2.1"
  test_api:
    dependency: transitive
    description:
      name: test_api
      sha256: ad540f65f92caa91bf21dfc8ffb8c589d6e4dc0c2267818b4cc2792857706206
      url: "https://pub.dev"
    source: hosted
    version: "0.4.16"
  tuple:
    dependency: transitive
    description:
      name: tuple
      sha256: "0ea99cd2f9352b2586583ab2ce6489d1f95a5f6de6fb9492faaf97ae2060f0aa"
      url: "https://pub.dev"
    source: hosted
    version: "2.0.1"
  typed_data:
    dependency: transitive
    description:
      name: typed_data
      sha256: "26f87ade979c47a150c9eaab93ccd2bebe70a27dc0b4b29517f2904f04eb11a5"
      url: "https://pub.dev"
    source: hosted
    version: "1.3.1"
  vector_math:
    dependency: transitive
    description:
      name: vector_math
      sha256: "80b3257d1492ce4d091729e3a67a60407d227c27241d6927be0130c98e741803"
      url: "https://pub.dev"
    source: hosted
    version: "2.1.4"
  win32:
    dependency: transitive
    description:
      name: win32
      sha256: "6b75ac2ddd42f5c226fdaf4498a2b04071c06f1f2b8f7ab1c3f77cc7f2285ff1"
      url: "https://pub.dev"
    source: hosted
    version: "2.7.0"
sdks:
  dart: ">=2.18.0 <3.0.0"
  flutter: ">=3.0.0"
